{
  "name": "@qxs-bns/utils",
  "lockfileVersion": 3,
  "requires": true,
  "packages": {
    "": {
      "name": "@qxs-bns/utils",
      "license": "MIT",
      "peerDependencies": {
        "vue": "^3.2.0"
      }
    },
    "../../node_modules/.pnpm/@vue+shared@3.4.37/node_modules/@vue/shared": {
      "version": "3.4.37",
      "extraneous": true,
      "license": "MIT"
    },
    "../../node_modules/.pnpm/vue@3.4.34_typescript@5.5.4/node_modules/vue": {
      "version": "3.4.34",
      "license": "MIT",
      "peer": true,
      "dependencies": {
        "@vue/compiler-dom": "3.4.34",
        "@vue/compiler-sfc": "3.4.34",
        "@vue/runtime-dom": "3.4.34",
        "@vue/server-renderer": "3.4.34",
        "@vue/shared": "3.4.34"
      },
      "peerDependencies": {
        "typescript": "*"
      },
      "peerDependenciesMeta": {
        "typescript": {
          "optional": true
        }
      }
    },
    "node_modules/vue": {
      "resolved": "../../node_modules/.pnpm/vue@3.4.34_typescript@5.5.4/node_modules/vue",
      "link": true
    }
  }
}
